
Microsoft Visual Studio Solution File, Format Version 12.00
# Visual Studio Version 16
VisualStudioVersion = 16.0.30413.136
MinimumVisualStudioVersion = 10.0.40219.1
Project("{FAE04EC0-301F-11D3-BF4B-00C04F79EFBC}") = "blog-challenge", "blog-challenge\blog-challenge.csproj", "{5E3AFB96-52A3-43B5-81E8-756EAB7AB384}"
EndProject
Global
	GlobalSection(SolutionConfigurationPlatforms) = preSolution
		Debug|Any CPU = Debug|Any CPU
		Release|Any CPU = Release|Any CPU
	EndGlobalSection
	GlobalSection(ProjectConfigurationPlatforms) = postSolution
		{5E3AFB96-52A3-43B5-81E8-756EAB7AB384}.Debug|Any CPU.ActiveCfg = Debug|Any CPU
		{5E3AFB96-52A3-43B5-81E8-756EAB7AB384}.Debug|Any CPU.Build.0 = Debug|Any CPU
		{5E3AFB96-52A3-43B5-81E8-756EAB7AB384}.Release|Any CPU.ActiveCfg = Release|Any CPU
		{5E3AFB96-52A3-43B5-81E8-756EAB7AB384}.Release|Any CPU.Build.0 = Release|Any CPU
	EndGlobalSection
	GlobalSection(SolutionProperties) = preSolution
		HideSolutionNode = FALSE
	EndGlobalSection
	GlobalSection(ExtensibilityGlobals) = postSolution
		SolutionGuid = {2E7EC03D-AEAD-4815-A1D7-65A14EEB7686}
	EndGlobalSection
EndGlobal
